# THIS IS AN AUTOGENERATED FILE. DO NOT EDIT THIS FILE DIRECTLY.
# yarn lockfile v1


suncalc@1.8.0:
  version "1.8.0"
  resolved "https://registry.yarnpkg.com/suncalc/-/suncalc-1.8.0.tgz#1d9898109563078750f4994a959e654d876acbf5"
  integrity sha1-HZiYEJVjB4dQ9JlKlZ5lTYdqy/U=

themer.js@^1.0.0-beta.2:
  version "1.0.0-beta.2"
  resolved "https://registry.yarnpkg.com/themer.js/-/themer.js-1.0.0-beta.2.tgz#9e514c14dae97ba7838ea7f0c2993dc04521ffb4"
  integrity sha512-Q3KlkBkQyfKrNPqBTSqPwdkfUZ/D63cRSgbEp9v/C0JszrbczRWj8Ik7WHs65t8O1N85cyvBZVUQLHrg5otLXQ==
  dependencies:
    suncalc "1.8.0"
